# THIS IS AN AUTOGENERATED FILE. DO NOT EDIT THIS FILE DIRECTLY.
# yarn lockfile v1


iopipe-plugin-trace@^0.2.0:
  version "0.2.0"
  resolved "https://registry.yarnpkg.com/iopipe-plugin-trace/-/iopipe-plugin-trace-0.2.0.tgz#0d20d626a209e2bbbf6fdcaf188b1e96eda33fb6"
  dependencies:
    iopipe "^1.0.0"
    performance-node "^0.2.0"

iopipe@^1.0.0:
  version "1.2.1"
  resolved "https://registry.yarnpkg.com/iopipe/-/iopipe-1.2.1.tgz#3e5c7c3d6fc8271c824093813cd59f9612171b8a"

performance-node@^0.2.0:
  version "0.2.0"
  resolved "https://registry.yarnpkg.com/performance-node/-/performance-node-0.2.0.tgz#03abf74ac0c455f333be505165dacab9110ef5b3"
