# THIS IS AN AUTOGENERATED FILE. DO NOT EDIT THIS FILE DIRECTLY.
# yarn lockfile v1


"@iopipe/config@^0.3.0":
  version "0.3.0"
  resolved "https://registry.yarnpkg.com/@iopipe/config/-/config-0.3.0.tgz#80e16e26dd51cb3f857a80feba35af3fd4c72601"
  dependencies:
    "@iopipe/trace" "^0.3.0"

"@iopipe/trace@^0.3.0":
  version "0.3.0"
  resolved "https://registry.yarnpkg.com/@iopipe/trace/-/trace-0.3.0.tgz#42a558da9c7d310d15f09fddb490fbb7ebbbf399"
  dependencies:
    iopipe "^1.0.0"
    performance-node "^0.2.0"

argparse@^1.0.7:
  version "1.0.10"
  resolved "https://registry.yarnpkg.com/argparse/-/argparse-1.0.10.tgz#bcd6791ea5ae09725e17e5ad988134cd40b3d911"
  dependencies:
    sprintf-js "~1.0.2"

cosmiconfig@^3.1.0:
  version "3.1.0"
  resolved "https://registry.yarnpkg.com/cosmiconfig/-/cosmiconfig-3.1.0.tgz#640a94bf9847f321800403cd273af60665c73397"
  dependencies:
    is-directory "^0.3.1"
    js-yaml "^3.9.0"
    parse-json "^3.0.0"
    require-from-string "^2.0.1"

error-ex@^1.3.1:
  version "1.3.1"
  resolved "https://registry.yarnpkg.com/error-ex/-/error-ex-1.3.1.tgz#f855a86ce61adc4e8621c3cda21e7a7612c3a8dc"
  dependencies:
    is-arrayish "^0.2.1"

esprima@^4.0.0:
  version "4.0.1"
  resolved "https://registry.yarnpkg.com/esprima/-/esprima-4.0.1.tgz#13b04cdb3e6c5d19df91ab6987a8695619b0aa71"

iopipe@^1.0.0:
  version "1.4.0"
  resolved "https://registry.yarnpkg.com/iopipe/-/iopipe-1.4.0.tgz#7fa1f6134fe2b31eedb5884cdd3ba3f48f93a4c5"
  dependencies:
    cosmiconfig "^3.1.0"

is-arrayish@^0.2.1:
  version "0.2.1"
  resolved "https://registry.yarnpkg.com/is-arrayish/-/is-arrayish-0.2.1.tgz#77c99840527aa8ecb1a8ba697b80645a7a926a9d"

is-directory@^0.3.1:
  version "0.3.1"
  resolved "https://registry.yarnpkg.com/is-directory/-/is-directory-0.3.1.tgz#61339b6f2475fc772fd9c9d83f5c8575dc154ae1"

js-yaml@^3.9.0:
  version "3.13.1"
  resolved "https://registry.yarnpkg.com/js-yaml/-/js-yaml-3.13.1.tgz#aff151b30bfdfa8e49e05da22e7415e9dfa37847"
  dependencies:
    argparse "^1.0.7"
    esprima "^4.0.0"

parse-json@^3.0.0:
  version "3.0.0"
  resolved "https://registry.yarnpkg.com/parse-json/-/parse-json-3.0.0.tgz#fa6f47b18e23826ead32f263e744d0e1e847fb13"
  dependencies:
    error-ex "^1.3.1"

performance-node@^0.2.0:
  version "0.2.0"
  resolved "https://registry.yarnpkg.com/performance-node/-/performance-node-0.2.0.tgz#03abf74ac0c455f333be505165dacab9110ef5b3"

require-from-string@^2.0.1:
  version "2.0.1"
  resolved "https://registry.yarnpkg.com/require-from-string/-/require-from-string-2.0.1.tgz#c545233e9d7da6616e9d59adfb39fc9f588676ff"

sprintf-js@~1.0.2:
  version "1.0.3"
  resolved "https://registry.yarnpkg.com/sprintf-js/-/sprintf-js-1.0.3.tgz#04e6926f662895354f3dd015203633b857297e2c"
