{
  "name": "extendConfigTest",
  "version": "0.0.0",
  "lockfileVersion": 1,
  "requires": true,
  "dependencies": {
    "@iopipe/config": {
      "version": "0.1.0",
      "resolved": "https://registry.npmjs.org/@iopipe/config/-/config-0.1.0.tgz",
      "integrity": "sha1-LDdkBdYv9GxXdfBT7mWr6qa9MUE="
    },
    "@iopipe/trace": {
      "version": "0.3.0",
      "resolved": "https://registry.npmjs.org/@iopipe/trace/-/trace-0.3.0.tgz",
      "integrity": "sha1-QqVY2px9MQ0V8J/dtJD7t+u785k=",
      "requires": {
        "iopipe": "1.4.0",
        "performance-node": "0.2.0"
      }
    },
    "argparse": {
      "version": "1.0.9",
      "resolved": "https://registry.npmjs.org/argparse/-/argparse-1.0.9.tgz",
      "integrity": "sha1-c9g7wmP4bpf4zE9rrhsOkKfSLIY=",
      "requires": {
        "sprintf-js": "1.0.3"
      }
    },
    "cosmiconfig": {
      "version": "3.1.0",
      "resolved": "https://registry.npmjs.org/cosmiconfig/-/cosmiconfig-3.1.0.tgz",
      "integrity": "sha512-zedsBhLSbPBms+kE7AH4vHg6JsKDz6epSv2/+5XHs8ILHlgDciSJfSWf8sX9aQ52Jb7KI7VswUTsLpR/G0cr2Q==",
      "requires": {
        "is-directory": "0.3.1",
        "js-yaml": "3.10.0",
        "parse-json": "3.0.0",
        "require-from-string": "2.0.1"
      }
    },
    "error-ex": {
      "version": "1.3.1",
      "resolved": "https://registry.npmjs.org/error-ex/-/error-ex-1.3.1.tgz",
      "integrity": "sha1-+FWobOYa3E6GIcPNoh56dhLDqNw=",
      "requires": {
        "is-arrayish": "0.2.1"
      }
    },
    "esprima": {
      "version": "4.0.0",
      "resolved": "https://registry.npmjs.org/esprima/-/esprima-4.0.0.tgz",
      "integrity": "sha512-oftTcaMu/EGrEIu904mWteKIv8vMuOgGYo7EhVJJN00R/EED9DCua/xxHRdYnKtcECzVg7xOWhflvJMnqcFZjw=="
    },
    "iopipe": {
      "version": "1.4.0",
      "resolved": "https://registry.npmjs.org/iopipe/-/iopipe-1.4.0.tgz",
      "integrity": "sha1-f6H2E0/isx7ttYhM3Tuj9I+TpMU=",
      "requires": {
        "cosmiconfig": "3.1.0"
      }
    },
    "is-arrayish": {
      "version": "0.2.1",
      "resolved": "https://registry.npmjs.org/is-arrayish/-/is-arrayish-0.2.1.tgz",
      "integrity": "sha1-d8mYQFJ6qOyxqLppe4BkWnqSap0="
    },
    "is-directory": {
      "version": "0.3.1",
      "resolved": "https://registry.npmjs.org/is-directory/-/is-directory-0.3.1.tgz",
      "integrity": "sha1-YTObbyR1/Hcv2cnYP1yFddwVSuE="
    },
    "js-yaml": {
      "version": "3.10.0",
      "resolved": "https://registry.npmjs.org/js-yaml/-/js-yaml-3.10.0.tgz",
      "integrity": "sha512-O2v52ffjLa9VeM43J4XocZE//WT9N0IiwDa3KSHH7Tu8CtH+1qM8SIZvnsTh6v+4yFy5KUY3BHUVwjpfAWsjIA==",
      "requires": {
        "argparse": "1.0.9",
        "esprima": "4.0.0"
      }
    },
    "parse-json": {
      "version": "3.0.0",
      "resolved": "https://registry.npmjs.org/parse-json/-/parse-json-3.0.0.tgz",
      "integrity": "sha1-+m9HsY4jgm6tMvJj50TQ4ehH+xM=",
      "requires": {
        "error-ex": "1.3.1"
      }
    },
    "performance-node": {
      "version": "0.2.0",
      "resolved": "https://registry.npmjs.org/performance-node/-/performance-node-0.2.0.tgz",
      "integrity": "sha1-A6v3SsDEVfMzvlBRZdrKuREO9bM="
    },
    "require-from-string": {
      "version": "2.0.1",
      "resolved": "https://registry.npmjs.org/require-from-string/-/require-from-string-2.0.1.tgz",
      "integrity": "sha1-xUUjPp19pmFunVmt+zn8n1iGdv8="
    },
    "sprintf-js": {
      "version": "1.0.3",
      "resolved": "https://registry.npmjs.org/sprintf-js/-/sprintf-js-1.0.3.tgz",
      "integrity": "sha1-BOaSb2YolTVPPdAVIDYzuFcpfiw="
    }
  }
}
